{
  "name": "@jinwon-int/a2a-nexus-monorepo",
  "lockfileVersion": 3,
  "requires": true,
  "packages": {
    "": {
      "name": "@jinwon-int/a2a-nexus-monorepo",
      "license": "MIT",
      "workspaces": [
        "packages/*"
      ],
      "devDependencies": {
        "@types/node": "^22.20.1",
        "ajv": "^8.18.0"
      },
      "engines": {
        "node": ">=22.5"
      }
    },
    "node_modules/@openclaw/a2a-docker-runner": {
      "resolved": "packages/docker-runner",
      "link": true
    },
    "node_modules/@types/node": {
      "version": "22.20.1",
      "dev": true,
      "license": "MIT",
      "dependencies": {
        "undici-types": "~6.21.0"
      }
    },
    "node_modules/a2a-attestation": {
      "resolved": "packages/attestation",
      "link": true
    },
    "node_modules/a2a-broker": {
      "resolved": "packages/broker",
      "link": true
    },
    "node_modules/a2a-nclex-evaluation": {
      "resolved": "packages/nclex-evaluation",
      "link": true
    },
    "node_modules/a2a-policy-referee": {
      "resolved": "packages/policy-referee",
      "link": true
    },
    "node_modules/ajv": {
      "version": "8.20.0",
      "dev": true,
      "license": "MIT",
      "dependencies": {
        "fast-deep-equal": "^3.1.3",
        "fast-uri": "^3.0.1",
        "json-schema-traverse": "^1.0.0",
        "require-from-string": "^2.0.2"
      },
      "funding": {
        "type": "github",
        "url": "https://github.com/sponsors/epoberezkin"
      }
    },
    "node_modules/fast-deep-equal": {
      "version": "3.1.3",
      "dev": true,
      "license": "MIT"
    },
    "node_modules/fast-uri": {
      "version": "3.1.7",
      "resolved": "https://registry.npmjs.org/fast-uri/-/fast-uri-3.1.7.tgz",
      "integrity": "sha512-dOvZVzjdZdz7phd9v6jCbwxrBW3fK6n8Rc0CtdmM4bumzMnxywBYhuph6J819RRw/ku+rLbelwfMunktuzVVHg==",
      "dev": true,
      "funding": [
        {
          "type": "github",
          "url": "https://github.com/sponsors/fastify"
        },
        {
          "type": "opencollective",
          "url": "https://opencollective.com/fastify"
        }
      ],
      "license": "BSD-3-Clause"
    },
    "node_modules/json-schema-traverse": {
      "version": "1.0.0",
      "dev": true,
      "license": "MIT"
    },
    "node_modules/require-from-string": {
      "version": "2.0.2",
      "dev": true,
      "license": "MIT",
      "engines": {
        "node": ">=0.10.0"
      }
    },
    "node_modules/typescript": {
      "version": "6.0.3",
      "dev": true,
      "license": "Apache-2.0",
      "bin": {
        "tsc": "bin/tsc",
        "tsserver": "bin/tsserver"
      },
      "engines": {
        "node": ">=14.17"
      }
    },
    "node_modules/undici-types": {
      "version": "6.21.0",
      "dev": true,
      "license": "MIT"
    },
    "node_modules/zod": {
      "version": "4.5.2",
      "resolved": "https://registry.npmjs.org/zod/-/zod-4.5.2.tgz",
      "integrity": "sha512-XkYXCol10+ba/6F/cueWV+TezUeOqXW0hdeJt5CdXjTYeAgAQg5N03RQdJ80mhfFE72+pblvYMW4wy2Qp4Qbrg==",
      "license": "MIT",
      "funding": {
        "url": "https://github.com/sponsors/colinhacks"
      }
    },
    "packages/attestation": {
      "name": "a2a-attestation",
      "version": "0.1.0",
      "license": "MIT",
      "devDependencies": {
        "@types/node": "^22.20.1",
        "typescript": "^6.0.3"
      }
    },
    "packages/broker": {
      "name": "a2a-broker",
      "version": "0.1.0",
      "license": "MIT",
      "dependencies": {
        "a2a-attestation": "0.1.0",
        "a2a-nclex-evaluation": "0.1.0",
        "a2a-policy-referee": "0.1.0",
        "zod": "^4.5.2"
      },
      "devDependencies": {
        "@types/node": "^22.20.1",
        "typescript": "^6.0.3"
      },
      "engines": {
        "node": ">=22.5"
      }
    },
    "packages/docker-runner": {
      "name": "@openclaw/a2a-docker-runner",
      "version": "0.1.0",
      "license": "MIT",
      "bin": {
        "a2a-docker-runner": "dist/cli.js"
      },
      "devDependencies": {
        "@types/node": "^22.20.1",
        "typescript": "^6.0.3"
      },
      "engines": {
        "node": ">=22.5"
      }
    },
    "packages/nclex-evaluation": {
      "name": "a2a-nclex-evaluation",
      "version": "0.1.0",
      "license": "MIT",
      "dependencies": {
        "a2a-attestation": "0.1.0"
      },
      "devDependencies": {
        "@types/node": "^22.20.1",
        "typescript": "^6.0.3"
      },
      "engines": {
        "node": ">=22.5"
      }
    },
    "packages/policy-referee": {
      "name": "a2a-policy-referee",
      "version": "0.1.0",
      "license": "MIT",
      "bin": {
        "a2a-policy-referee": "dist/cli.js"
      },
      "devDependencies": {
        "@types/node": "^22.20.1",
        "typescript": "^6.0.3"
      },
      "engines": {
        "node": ">=22.5"
      }
    }
  }
}
